
Microsoft Visual Studio Solution File, Format Version 11.00
# Visual Studio 2010
Project("{FAE04EC0-301F-11D3-BF4B-00C04F79EFBC}") = "ReleaseCandidateManager", "ReleaseCandidateManager\ReleaseCandidateManager.csproj", "{FB389DEA-B73B-41AB-8A7F-901F4D4B1C10}"
EndProject
Global
	GlobalSection(SolutionConfigurationPlatforms) = preSolution
		Debug|x86 = Debug|x86
		Release|x86 = Release|x86
	EndGlobalSection
	GlobalSection(ProjectConfigurationPlatforms) = postSolution
		{FB389DEA-B73B-41AB-8A7F-901F4D4B1C10}.Debug|x86.ActiveCfg = Debug|x86
		{FB389DEA-B73B-41AB-8A7F-901F4D4B1C10}.Debug|x86.Build.0 = Debug|x86
		{FB389DEA-B73B-41AB-8A7F-901F4D4B1C10}.Release|x86.ActiveCfg = Release|x86
		{FB389DEA-B73B-41AB-8A7F-901F4D4B1C10}.Release|x86.Build.0 = Release|x86
	EndGlobalSection
	GlobalSection(SolutionProperties) = preSolution
		HideSolutionNode = FALSE
	EndGlobalSection
EndGlobal
